// !$*UTF8*$!
{
	archiveVersion = 1;
	classes = {
	};
	objectVersion = 77;
	objects = {

/* Begin PBXBuildFile section */
		5C158F512DC74DB000BEC527 /* DatePickerRange in Frameworks */ = {isa = PBXBuildFile; productRef = 5C158F502DC74DB000BEC527 /* DatePickerRange */; };
		5C158F542DC74DBD00BEC527 /* DGCharts in Frameworks */ = {isa = PBXBuildFile; productRef = 5C158F532DC74DBD00BEC527 /* DGCharts */; };
		5CF673BD2D80929E00BC73C8 /* AutoCareWatchOS.app in Embed Watch Content */ = {isa = PBXBuildFile; fileRef = 5CF673B02D80929C00BC73C8 /* AutoCareWatchOS.app */; settings = {ATTRIBUTES = (RemoveHeadersOnCopy, ); }; };
/* End PBXBuildFile section */

/* Begin PBXContainerItemProxy section */
		5CF673BB2D80929E00BC73C8 /* PBXContainerItemProxy */ = {
			isa = PBXContainerItemProxy;
			containerPortal = 5C2004FE2CB714BA0058D993 /* Project object */;
			proxyType = 1;
			remoteGlobalIDString = 5CF673AF2D80929C00BC73C8;
			remoteInfo = "AutoCareWatch Watch App";
		};
/* End PBXContainerItemProxy section */

/* Begin PBXCopyFilesBuildPhase section */
		5CF673C12D80929E00BC73C8 /* Embed Watch Content */ = {
			isa = PBXCopyFilesBuildPhase;
			buildActionMask = 2147483647;
			dstPath = "$(CONTENTS_FOLDER_PATH)/Watch";
			dstSubfolderSpec = 16;
			files = (
				5CF673BD2D80929E00BC73C8 /* AutoCareWatchOS.app in Embed Watch Content */,
			);
			name = "Embed Watch Content";
			runOnlyForDeploymentPostprocessing = 0;
		};
/* End PBXCopyFilesBuildPhase section */

/* Begin PBXFileReference section */
		5C2005062CB714BB0058D993 /* AutoCareiOS.app */ = {isa = PBXFileReference; explicitFileType = wrapper.application; includeInIndex = 0; path = AutoCareiOS.app; sourceTree = BUILT_PRODUCTS_DIR; };
		5CF673B02D80929C00BC73C8 /* AutoCareWatchOS.app */ = {isa = PBXFileReference; explicitFileType = wrapper.application; includeInIndex = 0; path = AutoCareWatchOS.app; sourceTree = BUILT_PRODUCTS_DIR; };
/* End PBXFileReference section */

/* Begin PBXFileSystemSynchronizedBuildFileExceptionSet section */
		5C18EE1E2DB567B5009BE4ED /* Exceptions for "AutoCareiOS" folder in "AutoCareiOS" target */ = {
			isa = PBXFileSystemSynchronizedBuildFileExceptionSet;
			membershipExceptions = (
				"App /AutoCareiOS.swift",
				"App /ContentView.swift",
				"App /MainView.swift",
				"Core/CoreData/Car/Car+CoreDataClass.swift",
				"Core/CoreData/Car/Car+CoreDataProperties.swift",
				Core/CoreData/carRepairApp.xcdatamodeld,
				Core/CoreData/CoreDataStack.swift,
				"Core/CoreData/Insurance/Insurance+CoreDataClass.swift",
				"Core/CoreData/Insurance/Insurance+CoreDataProperties.swift",
				"Core/CoreData/Repair/Repair+CoreDataClass.swift",
				"Core/CoreData/Repair/Repair+CoreDataProperties.swift",
				"Core/CoreData/VinStore/VinStore+CoreDataClass.swift",
				"Core/CoreData/VinStore/VinStore+CoreDataProperties.swift",
				Core/Errors/CarServiceError.swift,
				Core/Errors/InsuranceErrorStatus.swift,
				Core/Errors/RepairServiceError.swift,
				Core/Errors/UpdateMileageError.swift,
				Core/Service/CarService.swift,
				Core/Service/InsuranceService.swift,
				Core/Service/NotificationService.swift,
				Core/Service/RepairService.swift,
				Core/Service/VinService.swift,
				Core/UserPreferences/EnumModel.swift,
				Core/UserPreferences/Parts.swift,
				Core/WatchSession/PhoneSessionManager.swift,
				Core/WatchSession/PhoneSessionViewModel.swift,
				"Features /Car/Add/AddCarView.swift",
				"Features /Car/Dashboard/CarProfileView.swift",
				"Features /Car/Dashboard/CarTabContainerView.swift",
				"Features /Car/Dashboard/Common/AddNewCarView.swift",
				"Features /Car/Dashboard/Common/CarAvatarView.swift",
				"Features /Car/Dashboard/Common/CarDrawerView.swift",
				"Features /Car/Dashboard/Common/CardView.swift",
				"Features /Car/Dashboard/Common/CarPlaceholderView.swift",
				"Features /Car/Dashboard/Common/LicensePlateView.swift",
				"Features /Car/Dashboard/Common/MaintenanceView.swift",
				"Features /Car/Dashboard/Common/MileageCardView.swift",
				"Features /Car/Dashboard/Common/RefuelCardView.swift",
				"Features /Car/Dashboard/Common/SheetUpdateMileageView.swift",
				"Features /Car/Dashboard/Insurance/AddInsuranceSheet.swift",
				"Features /Car/Dashboard/Insurance/InsuranceCardView.swift",
				"Features /Car/Dashboard/Insurance/InsuranceListSelection.swift",
				"Features /Car/Dashboard/WebKit/WebView.swift",
				"Features /Car/Dashboard/WebKit/WebViewScreen.swift",
				"Features /Car/Edit/EditCarView.swift",
				"Features /Car/Select/EmptyCarList.swift",
				"Features /Car/Select/SelectCarView.swift",
				"Features /Car/Select/SelectRowCarView.swift",
				"Features /Car/ViewModels/CarViewModel.swift",
				"Features /Car/ViewModels/InsuranceViewModel.swift",
				"Features /Repair/Add/AddRepairView.swift",
				"Features /Repair/Common/ImageMapper.swift",
				"Features /Repair/Common/PartsMapper.swift",
				"Features /Repair/Common/RepairGroup.swift",
				"Features /Repair/Detail/Detail repair/HeaderView.swift",
				"Features /Repair/Detail/Detail repair/ImageView.swift",
				"Features /Repair/Detail/Detail repair/InfoCardView.swift",
				"Features /Repair/Detail/Detail repair/PartsView.swift",
				"Features /Repair/Detail/DetailRepairView.swift",
				"Features /Repair/List/ListRepairView.swift",
				"Features /Repair/List/ListRowView.swift",
				"Features /Repair/Parts/PartsRowView.swift",
				"Features /Repair/ViewModels/RepairViewModel.swift",
				"Features /Settings/ViewModels/SettingsViewModel.swift",
				"Features /Settings/Views/SettingsView.swift",
				"Features /Statistics/Charts/UIKitCombinedChartView.swift",
				"Features /Statistics/Charts/UIKitPieChartView.swift",
				"Features /Statistics/Filters/SelectDateView.swift",
				"Features /Statistics/View/StatisticsView.swift",
				"Features /Statistics/ViewModels/RepairStatsViewModel.swift",
				Resources/Assets.xcassets,
				Resources/Localizable.xcstrings,
				"Resources/Preview Assets.xcassets",
				"Shared /AlertTest.swift",
				"Shared /AlertToast/ActivityIndicator.swift",
				"Shared /AlertToast/AlertView.swift",
				"Shared /AlertToast/BlurView.swift",
				"Shared /UIComponents /CustomPickerField.swift",
				"Shared /UIComponents /CustomTapBar.swift",
				"Shared /UIComponents /CustomUITextField.swift",
				"Shared /UIComponents /FullScreenImageView.swift",
				"Shared /UIComponents /SearchBar.swift",
				"Shared /Utilities /UtilityFunctions.swift",
				Task.md,
				"Template !!!! .swift",
			);
			target = 5C2005052CB714BA0058D993 /* AutoCareiOS */;
		};
		5C18EE202DB567B5009BE4ED /* Exceptions for "AutoCareiOS" folder in "AutoCareWatchOS" target */ = {
			isa = PBXFileSystemSynchronizedBuildFileExceptionSet;
			membershipExceptions = (
				"App /AutoCareiOS.swift",
				"App /ContentView.swift",
				"App /MainView.swift",
				"Core/CoreData/Car/Car+CoreDataClass.swift",
				"Core/CoreData/Car/Car+CoreDataProperties.swift",
				Core/CoreData/carRepairApp.xcdatamodeld,
				Core/CoreData/CoreDataStack.swift,
				"Core/CoreData/Insurance/Insurance+CoreDataClass.swift",
				"Core/CoreData/Insurance/Insurance+CoreDataProperties.swift",
				"Core/CoreData/Repair/Repair+CoreDataClass.swift",
				"Core/CoreData/Repair/Repair+CoreDataProperties.swift",
				"Core/CoreData/VinStore/VinStore+CoreDataClass.swift",
				"Core/CoreData/VinStore/VinStore+CoreDataProperties.swift",
				Core/Service/CarService.swift,
				Core/Service/InsuranceService.swift,
				Core/Service/NotificationService.swift,
				Core/Service/RepairService.swift,
				Core/Service/VinService.swift,
				Core/UserPreferences/EnumModel.swift,
				Core/UserPreferences/Parts.swift,
				Core/WatchSession/PhoneSessionManager.swift,
				Core/WatchSession/PhoneSessionViewModel.swift,
				"Features /Car/Add/AddCarView.swift",
				"Features /Car/Dashboard/CarProfileView.swift",
				"Features /Car/Dashboard/CarTabContainerView.swift",
				"Features /Car/Dashboard/Common/AddNewCarView.swift",
				"Features /Car/Dashboard/Common/CarAvatarView.swift",
				"Features /Car/Dashboard/Common/CarDrawerView.swift",
				"Features /Car/Dashboard/Common/CardView.swift",
				"Features /Car/Dashboard/Common/CarPlaceholderView.swift",
				"Features /Car/Dashboard/Common/LicensePlateView.swift",
				"Features /Car/Dashboard/Common/MaintenanceView.swift",
				"Features /Car/Dashboard/Common/MileageCardView.swift",
				"Features /Car/Dashboard/Common/RefuelCardView.swift",
				"Features /Car/Dashboard/Common/SheetUpdateMileageView.swift",
				"Features /Car/Dashboard/Insurance/AddInsuranceSheet.swift",
				"Features /Car/Dashboard/Insurance/InsuranceCardView.swift",
				"Features /Car/Dashboard/Insurance/InsuranceListSelection.swift",
				"Features /Car/Dashboard/WebKit/WebView.swift",
				"Features /Car/Dashboard/WebKit/WebViewScreen.swift",
				"Features /Car/Edit/EditCarView.swift",
				"Features /Car/Select/EmptyCarList.swift",
				"Features /Car/Select/SelectCarView.swift",
				"Features /Car/Select/SelectRowCarView.swift",
				"Features /Car/ViewModels/CarViewModel.swift",
				"Features /Car/ViewModels/InsuranceViewModel.swift",
				"Features /Repair/Add/AddRepairView.swift",
				"Features /Repair/Common/PartsMapper.swift",
				"Features /Repair/Common/RepairGroup.swift",
				"Features /Repair/Detail/Detail repair/HeaderView.swift",
				"Features /Repair/Detail/Detail repair/ImageView.swift",
				"Features /Repair/Detail/Detail repair/InfoCardView.swift",
				"Features /Repair/Detail/Detail repair/PartsView.swift",
				"Features /Repair/Detail/DetailRepairView.swift",
				"Features /Repair/List/ListRepairView.swift",
				"Features /Repair/List/ListRowView.swift",
				"Features /Repair/Parts/PartsRowView.swift",
				"Features /Repair/ViewModels/RepairViewModel.swift",
				"Features /Settings/ViewModels/SettingsViewModel.swift",
				"Features /Settings/Views/SettingsView.swift",
				"Features /Statistics/Charts/UIKitCombinedChartView.swift",
				"Features /Statistics/Charts/UIKitPieChartView.swift",
				"Features /Statistics/Filters/SelectDateView.swift",
				"Features /Statistics/View/StatisticsView.swift",
				"Features /Statistics/ViewModels/RepairStatsViewModel.swift",
				Info.plist,
				Resources/Assets.xcassets,
				Resources/Localizable.xcstrings,
				"Resources/Preview Assets.xcassets",
				"Shared /AlertTest.swift",
				"Shared /AlertToast/ActivityIndicator.swift",
				"Shared /AlertToast/AlertView.swift",
				"Shared /AlertToast/BlurView.swift",
				"Shared /UIComponents /CustomPickerField.swift",
				"Shared /UIComponents /CustomTapBar.swift",
				"Shared /UIComponents /CustomUITextField.swift",
				"Shared /UIComponents /FullScreenImageView.swift",
				"Shared /UIComponents /SearchBar.swift",
				"Shared /Utilities /UtilityFunctions.swift",
				Task.md,
				"Template !!!! .swift",
			);
			target = 5CF673AF2D80929C00BC73C8 /* AutoCareWatchOS */;
		};
		5C7321992D9F0F7300DF9AAA /* Exceptions for "AutoCareWatchOS" folder in "AutoCareWatchOS" target */ = {
			isa = PBXFileSystemSynchronizedBuildFileExceptionSet;
			membershipExceptions = (
				Info.plist,
			);
			target = 5CF673AF2D80929C00BC73C8 /* AutoCareWatchOS */;
		};
/* End PBXFileSystemSynchronizedBuildFileExceptionSet section */

/* Begin PBXFileSystemSynchronizedRootGroup section */
		5C18EDEA2DB567B5009BE4ED /* AutoCareiOS */ = {
			isa = PBXFileSystemSynchronizedRootGroup;
			exceptions = (
				5C18EE1E2DB567B5009BE4ED /* Exceptions for "AutoCareiOS" folder in "AutoCareiOS" target */,
				5C18EE202DB567B5009BE4ED /* Exceptions for "AutoCareiOS" folder in "AutoCareWatchOS" target */,
			);
			path = AutoCareiOS;
			sourceTree = "<group>";
		};
		5CF673B12D80929C00BC73C8 /* AutoCareWatchOS */ = {
			isa = PBXFileSystemSynchronizedRootGroup;
			exceptions = (
				5C7321992D9F0F7300DF9AAA /* Exceptions for "AutoCareWatchOS" folder in "AutoCareWatchOS" target */,
			);
			path = AutoCareWatchOS;
			sourceTree = "<group>";
		};
/* End PBXFileSystemSynchronizedRootGroup section */

/* Begin PBXFrameworksBuildPhase section */
		5C2005032CB714BA0058D993 /* Frameworks */ = {
			isa = PBXFrameworksBuildPhase;
			buildActionMask = 2147483647;
			files = (
				5C158F542DC74DBD00BEC527 /* DGCharts in Frameworks */,
				5C158F512DC74DB000BEC527 /* DatePickerRange in Frameworks */,
			);
			runOnlyForDeploymentPostprocessing = 0;
		};
		5CF673AD2D80929C00BC73C8 /* Frameworks */ = {
			isa = PBXFrameworksBuildPhase;
			buildActionMask = 2147483647;
			files = (
			);
			runOnlyForDeploymentPostprocessing = 0;
		};
/* End PBXFrameworksBuildPhase section */

/* Begin PBXGroup section */
		5C2004FD2CB714BA0058D993 = {
			isa = PBXGroup;
			children = (
				5C18EDEA2DB567B5009BE4ED /* AutoCareiOS */,
				5CF673B12D80929C00BC73C8 /* AutoCareWatchOS */,
				5C2005072CB714BB0058D993 /* Products */,
			);
			sourceTree = "<group>";
		};
		5C2005072CB714BB0058D993 /* Products */ = {
			isa = PBXGroup;
			children = (
				5C2005062CB714BB0058D993 /* AutoCareiOS.app */,
				5CF673B02D80929C00BC73C8 /* AutoCareWatchOS.app */,
			);
			name = Products;
			sourceTree = "<group>";
		};
/* End PBXGroup section */

/* Begin PBXNativeTarget section */
		5C2005052CB714BA0058D993 /* AutoCareiOS */ = {
			isa = PBXNativeTarget;
			buildConfigurationList = 5C2005192CB714BC0058D993 /* Build configuration list for PBXNativeTarget "AutoCareiOS" */;
			buildPhases = (
				5C2005022CB714BA0058D993 /* Sources */,
				5C2005032CB714BA0058D993 /* Frameworks */,
				5C2005042CB714BA0058D993 /* Resources */,
				5CF673C12D80929E00BC73C8 /* Embed Watch Content */,
			);
			buildRules = (
			);
			dependencies = (
				5CF673BC2D80929E00BC73C8 /* PBXTargetDependency */,
			);
			name = AutoCareiOS;
			packageProductDependencies = (
				5C158F502DC74DB000BEC527 /* DatePickerRange */,
				5C158F532DC74DBD00BEC527 /* DGCharts */,
			);
			productName = carRepairApp;
			productReference = 5C2005062CB714BB0058D993 /* AutoCareiOS.app */;
			productType = "com.apple.product-type.application";
		};
		5CF673AF2D80929C00BC73C8 /* AutoCareWatchOS */ = {
			isa = PBXNativeTarget;
			buildConfigurationList = 5CF673BE2D80929E00BC73C8 /* Build configuration list for PBXNativeTarget "AutoCareWatchOS" */;
			buildPhases = (
				5CF673AC2D80929C00BC73C8 /* Sources */,
				5CF673AD2D80929C00BC73C8 /* Frameworks */,
				5CF673AE2D80929C00BC73C8 /* Resources */,
			);
			buildRules = (
			);
			dependencies = (
			);
			fileSystemSynchronizedGroups = (
				5C18EDEA2DB567B5009BE4ED /* AutoCareiOS */,
				5CF673B12D80929C00BC73C8 /* AutoCareWatchOS */,
			);
			name = AutoCareWatchOS;
			packageProductDependencies = (
			);
			productName = "AutoCareWatch Watch App";
			productReference = 5CF673B02D80929C00BC73C8 /* AutoCareWatchOS.app */;
			productType = "com.apple.product-type.application";
		};
/* End PBXNativeTarget section */

/* Begin PBXProject section */
		5C2004FE2CB714BA0058D993 /* Project object */ = {
			isa = PBXProject;
			attributes = {
				BuildIndependentTargetsInParallel = 1;
				LastSwiftUpdateCheck = 1620;
				LastUpgradeCheck = 1640;
				TargetAttributes = {
					5C2005052CB714BA0058D993 = {
						CreatedOnToolsVersion = 16.0;
					};
					5CF673AF2D80929C00BC73C8 = {
						CreatedOnToolsVersion = 16.2;
					};
				};
			};
			buildConfigurationList = 5C2005012CB714BA0058D993 /* Build configuration list for PBXProject "AutoCare" */;
			developmentRegion = en;
			hasScannedForEncodings = 0;
			knownRegions = (
				en,
				Base,
				ru,
			);
			mainGroup = 5C2004FD2CB714BA0058D993;
			minimizedProjectReferenceProxies = 1;
			packageReferences = (
				5C158F4F2DC74DB000BEC527 /* XCRemoteSwiftPackageReference "DatePickerRange" */,
				5C158F522DC74DBD00BEC527 /* XCRemoteSwiftPackageReference "Charts" */,
			);
			preferredProjectObjectVersion = 77;
			productRefGroup = 5C2005072CB714BB0058D993 /* Products */;
			projectDirPath = "";
			projectRoot = "";
			targets = (
				5C2005052CB714BA0058D993 /* AutoCareiOS */,
				5CF673AF2D80929C00BC73C8 /* AutoCareWatchOS */,
			);
		};
/* End PBXProject section */

/* Begin PBXResourcesBuildPhase section */
		5C2005042CB714BA0058D993 /* Resources */ = {
			isa = PBXResourcesBuildPhase;
			buildActionMask = 2147483647;
			files = (
			);
			runOnlyForDeploymentPostprocessing = 0;
		};
		5CF673AE2D80929C00BC73C8 /* Resources */ = {
			isa = PBXResourcesBuildPhase;
			buildActionMask = 2147483647;
			files = (
			);
			runOnlyForDeploymentPostprocessing = 0;
		};
/* End PBXResourcesBuildPhase section */

/* Begin PBXSourcesBuildPhase section */
		5C2005022CB714BA0058D993 /* Sources */ = {
			isa = PBXSourcesBuildPhase;
			buildActionMask = 2147483647;
			files = (
			);
			runOnlyForDeploymentPostprocessing = 0;
		};
		5CF673AC2D80929C00BC73C8 /* Sources */ = {
			isa = PBXSourcesBuildPhase;
			buildActionMask = 2147483647;
			files = (
			);
			runOnlyForDeploymentPostprocessing = 0;
		};
/* End PBXSourcesBuildPhase section */

/* Begin PBXTargetDependency section */
		5CF673BC2D80929E00BC73C8 /* PBXTargetDependency */ = {
			isa = PBXTargetDependency;
			target = 5CF673AF2D80929C00BC73C8 /* AutoCareWatchOS */;
			targetProxy = 5CF673BB2D80929E00BC73C8 /* PBXContainerItemProxy */;
		};
/* End PBXTargetDependency section */

/* Begin XCBuildConfiguration section */
		5C2005172CB714BC0058D993 /* Debug */ = {
			isa = XCBuildConfiguration;
			buildSettings = {
				ALWAYS_SEARCH_USER_PATHS = NO;
				ASSETCATALOG_COMPILER_GENERATE_SWIFT_ASSET_SYMBOL_EXTENSIONS = YES;
				CLANG_ANALYZER_LOCALIZABILITY_NONLOCALIZED = YES;
				CLANG_ANALYZER_NONNULL = YES;
				CLANG_ANALYZER_NUMBER_OBJECT_CONVERSION = YES_AGGRESSIVE;
				CLANG_CXX_LANGUAGE_STANDARD = "gnu++20";
				CLANG_ENABLE_MODULES = YES;
				CLANG_ENABLE_OBJC_ARC = YES;
				CLANG_ENABLE_OBJC_WEAK = YES;
				CLANG_WARN_BLOCK_CAPTURE_AUTORELEASING = YES;
				CLANG_WARN_BOOL_CONVERSION = YES;
				CLANG_WARN_COMMA = YES;
				CLANG_WARN_CONSTANT_CONVERSION = YES;
				CLANG_WARN_DEPRECATED_OBJC_IMPLEMENTATIONS = YES;
				CLANG_WARN_DIRECT_OBJC_ISA_USAGE = YES_ERROR;
				CLANG_WARN_DOCUMENTATION_COMMENTS = YES;
				CLANG_WARN_EMPTY_BODY = YES;
				CLANG_WARN_ENUM_CONVERSION = YES;
				CLANG_WARN_INFINITE_RECURSION = YES;
				CLANG_WARN_INT_CONVERSION = YES;
				CLANG_WARN_NON_LITERAL_NULL_CONVERSION = YES;
				CLANG_WARN_OBJC_IMPLICIT_RETAIN_SELF = YES;
				CLANG_WARN_OBJC_LITERAL_CONVERSION = YES;
				CLANG_WARN_OBJC_ROOT_CLASS = YES_ERROR;
				CLANG_WARN_QUOTED_INCLUDE_IN_FRAMEWORK_HEADER = YES;
				CLANG_WARN_RANGE_LOOP_ANALYSIS = YES;
				CLANG_WARN_STRICT_PROTOTYPES = YES;
				CLANG_WARN_SUSPICIOUS_MOVE = YES;
				CLANG_WARN_UNGUARDED_AVAILABILITY = YES_AGGRESSIVE;
				CLANG_WARN_UNREACHABLE_CODE = YES;
				CLANG_WARN__DUPLICATE_METHOD_MATCH = YES;
				COPY_PHASE_STRIP = NO;
				DEBUG_INFORMATION_FORMAT = dwarf;
				DEVELOPMENT_TEAM = CHU99933X5;
				ENABLE_STRICT_OBJC_MSGSEND = YES;
				ENABLE_TESTABILITY = YES;
				ENABLE_USER_SCRIPT_SANDBOXING = YES;
				GCC_C_LANGUAGE_STANDARD = gnu17;
				GCC_DYNAMIC_NO_PIC = NO;
				GCC_NO_COMMON_BLOCKS = YES;
				GCC_OPTIMIZATION_LEVEL = 0;
				GCC_PREPROCESSOR_DEFINITIONS = (
					"DEBUG=1",
					"$(inherited)",
				);
				GCC_WARN_64_TO_32_BIT_CONVERSION = YES;
				GCC_WARN_ABOUT_RETURN_TYPE = YES_ERROR;
				GCC_WARN_UNDECLARED_SELECTOR = YES;
				GCC_WARN_UNINITIALIZED_AUTOS = YES_AGGRESSIVE;
				GCC_WARN_UNUSED_FUNCTION = YES;
				GCC_WARN_UNUSED_VARIABLE = YES;
				IPHONEOS_DEPLOYMENT_TARGET = 18.0;
				LOCALIZATION_PREFERS_STRING_CATALOGS = YES;
				MTL_ENABLE_DEBUG_INFO = INCLUDE_SOURCE;
				MTL_FAST_MATH = YES;
				ONLY_ACTIVE_ARCH = YES;
				SDKROOT = iphoneos;
				SWIFT_ACTIVE_COMPILATION_CONDITIONS = "DEBUG $(inherited)";
				SWIFT_EMIT_LOC_STRINGS = YES;
				SWIFT_OPTIMIZATION_LEVEL = "-Onone";
			};
			name = Debug;
		};
		5C2005182CB714BC0058D993 /* Release */ = {
			isa = XCBuildConfiguration;
			buildSettings = {
				ALWAYS_SEARCH_USER_PATHS = NO;
				ASSETCATALOG_COMPILER_GENERATE_SWIFT_ASSET_SYMBOL_EXTENSIONS = YES;
				CLANG_ANALYZER_LOCALIZABILITY_NONLOCALIZED = YES;
				CLANG_ANALYZER_NONNULL = YES;
				CLANG_ANALYZER_NUMBER_OBJECT_CONVERSION = YES_AGGRESSIVE;
				CLANG_CXX_LANGUAGE_STANDARD = "gnu++20";
				CLANG_ENABLE_MODULES = YES;
				CLANG_ENABLE_OBJC_ARC = YES;
				CLANG_ENABLE_OBJC_WEAK = YES;
				CLANG_WARN_BLOCK_CAPTURE_AUTORELEASING = YES;
				CLANG_WARN_BOOL_CONVERSION = YES;
				CLANG_WARN_COMMA = YES;
				CLANG_WARN_CONSTANT_CONVERSION = YES;
				CLANG_WARN_DEPRECATED_OBJC_IMPLEMENTATIONS = YES;
				CLANG_WARN_DIRECT_OBJC_ISA_USAGE = YES_ERROR;
				CLANG_WARN_DOCUMENTATION_COMMENTS = YES;
				CLANG_WARN_EMPTY_BODY = YES;
				CLANG_WARN_ENUM_CONVERSION = YES;
				CLANG_WARN_INFINITE_RECURSION = YES;
				CLANG_WARN_INT_CONVERSION = YES;
				CLANG_WARN_NON_LITERAL_NULL_CONVERSION = YES;
				CLANG_WARN_OBJC_IMPLICIT_RETAIN_SELF = YES;
				CLANG_WARN_OBJC_LITERAL_CONVERSION = YES;
				CLANG_WARN_OBJC_ROOT_CLASS = YES_ERROR;
				CLANG_WARN_QUOTED_INCLUDE_IN_FRAMEWORK_HEADER = YES;
				CLANG_WARN_RANGE_LOOP_ANALYSIS = YES;
				CLANG_WARN_STRICT_PROTOTYPES = YES;
				CLANG_WARN_SUSPICIOUS_MOVE = YES;
				CLANG_WARN_UNGUARDED_AVAILABILITY = YES_AGGRESSIVE;
				CLANG_WARN_UNREACHABLE_CODE = YES;
				CLANG_WARN__DUPLICATE_METHOD_MATCH = YES;
				COPY_PHASE_STRIP = NO;
				DEBUG_INFORMATION_FORMAT = "dwarf-with-dsym";
				DEVELOPMENT_TEAM = CHU99933X5;
				ENABLE_NS_ASSERTIONS = NO;
				ENABLE_STRICT_OBJC_MSGSEND = YES;
				ENABLE_USER_SCRIPT_SANDBOXING = YES;
				GCC_C_LANGUAGE_STANDARD = gnu17;
				GCC_NO_COMMON_BLOCKS = YES;
				GCC_WARN_64_TO_32_BIT_CONVERSION = YES;
				GCC_WARN_ABOUT_RETURN_TYPE = YES_ERROR;
				GCC_WARN_UNDECLARED_SELECTOR = YES;
				GCC_WARN_UNINITIALIZED_AUTOS = YES_AGGRESSIVE;
				GCC_WARN_UNUSED_FUNCTION = YES;
				GCC_WARN_UNUSED_VARIABLE = YES;
				IPHONEOS_DEPLOYMENT_TARGET = 18.0;
				LOCALIZATION_PREFERS_STRING_CATALOGS = YES;
				MTL_ENABLE_DEBUG_INFO = NO;
				MTL_FAST_MATH = YES;
				SDKROOT = iphoneos;
				SWIFT_COMPILATION_MODE = wholemodule;
				SWIFT_EMIT_LOC_STRINGS = YES;
				VALIDATE_PRODUCT = YES;
			};
			name = Release;
		};
		5C20051A2CB714BC0058D993 /* Debug */ = {
			isa = XCBuildConfiguration;
			buildSettings = {
				ASSETCATALOG_COMPILER_APPICON_NAME = AppIcon;
				ASSETCATALOG_COMPILER_GLOBAL_ACCENT_COLOR_NAME = AccentColor;
				ASSETCATALOG_COMPILER_INCLUDE_ALL_APPICON_ASSETS = NO;
				CODE_SIGN_STYLE = Automatic;
				CURRENT_PROJECT_VERSION = 1;
				DEVELOPMENT_ASSET_PATHS = "\"AutoCareiOS/Resources\"";
				ENABLE_PREVIEWS = YES;
				GENERATE_INFOPLIST_FILE = YES;
				INFOPLIST_FILE = AutoCareiOS/Info.plist;
				INFOPLIST_KEY_CFBundleDisplayName = AutoCare;
				INFOPLIST_KEY_LSApplicationCategoryType = "public.app-category.productivity";
				INFOPLIST_KEY_NSPhotoLibraryAddUsageDescription = "We write photo your phone";
				INFOPLIST_KEY_UIApplicationSceneManifest_Generation = YES;
				INFOPLIST_KEY_UIApplicationSupportsIndirectInputEvents = YES;
				INFOPLIST_KEY_UILaunchScreen_Generation = YES;
				INFOPLIST_KEY_UILaunchStoryboardName = "";
				INFOPLIST_KEY_UIStatusBarStyle = "";
				INFOPLIST_KEY_UISupportedInterfaceOrientations_iPad = "UIInterfaceOrientationPortrait UIInterfaceOrientationPortraitUpsideDown UIInterfaceOrientationLandscapeLeft UIInterfaceOrientationLandscapeRight";
				INFOPLIST_KEY_UISupportedInterfaceOrientations_iPhone = "UIInterfaceOrientationPortrait UIInterfaceOrientationLandscapeLeft UIInterfaceOrientationLandscapeRight";
				IPHONEOS_DEPLOYMENT_TARGET = 16.0;
				LD_RUNPATH_SEARCH_PATHS = (
					"$(inherited)",
					"@executable_path/Frameworks",
				);
				MARKETING_VERSION = 1.0;
				PRODUCT_BUNDLE_IDENTIFIER = com.ivanMaslennikov.AutoCare;
				PRODUCT_NAME = "$(TARGET_NAME)";
				SUPPORTED_PLATFORMS = "iphoneos iphonesimulator";
				SUPPORTS_MACCATALYST = NO;
				SUPPORTS_MAC_DESIGNED_FOR_IPHONE_IPAD = NO;
				SUPPORTS_XR_DESIGNED_FOR_IPHONE_IPAD = NO;
				SWIFT_EMIT_LOC_STRINGS = YES;
				SWIFT_VERSION = 5.0;
				TARGETED_DEVICE_FAMILY = 1;
			};
			name = Debug;
		};
		5C20051B2CB714BC0058D993 /* Release */ = {
			isa = XCBuildConfiguration;
			buildSettings = {
				ASSETCATALOG_COMPILER_APPICON_NAME = AppIcon;
				ASSETCATALOG_COMPILER_GLOBAL_ACCENT_COLOR_NAME = AccentColor;
				ASSETCATALOG_COMPILER_INCLUDE_ALL_APPICON_ASSETS = NO;
				CODE_SIGN_STYLE = Automatic;
				CURRENT_PROJECT_VERSION = 1;
				DEVELOPMENT_ASSET_PATHS = "\"AutoCareiOS/Resources\"";
				ENABLE_PREVIEWS = YES;
				GENERATE_INFOPLIST_FILE = YES;
				INFOPLIST_FILE = AutoCareiOS/Info.plist;
				INFOPLIST_KEY_CFBundleDisplayName = AutoCare;
				INFOPLIST_KEY_LSApplicationCategoryType = "public.app-category.productivity";
				INFOPLIST_KEY_NSPhotoLibraryAddUsageDescription = "We write photo your phone";
				INFOPLIST_KEY_UIApplicationSceneManifest_Generation = YES;
				INFOPLIST_KEY_UIApplicationSupportsIndirectInputEvents = YES;
				INFOPLIST_KEY_UILaunchScreen_Generation = YES;
				INFOPLIST_KEY_UILaunchStoryboardName = "";
				INFOPLIST_KEY_UIStatusBarStyle = "";
				INFOPLIST_KEY_UISupportedInterfaceOrientations_iPad = "UIInterfaceOrientationPortrait UIInterfaceOrientationPortraitUpsideDown UIInterfaceOrientationLandscapeLeft UIInterfaceOrientationLandscapeRight";
				INFOPLIST_KEY_UISupportedInterfaceOrientations_iPhone = "UIInterfaceOrientationPortrait UIInterfaceOrientationLandscapeLeft UIInterfaceOrientationLandscapeRight";
				IPHONEOS_DEPLOYMENT_TARGET = 16.0;
				LD_RUNPATH_SEARCH_PATHS = (
					"$(inherited)",
					"@executable_path/Frameworks",
				);
				MARKETING_VERSION = 1.0;
				PRODUCT_BUNDLE_IDENTIFIER = com.ivanMaslennikov.AutoCare;
				PRODUCT_NAME = "$(TARGET_NAME)";
				SUPPORTED_PLATFORMS = "iphoneos iphonesimulator";
				SUPPORTS_MACCATALYST = NO;
				SUPPORTS_MAC_DESIGNED_FOR_IPHONE_IPAD = NO;
				SUPPORTS_XR_DESIGNED_FOR_IPHONE_IPAD = NO;
				SWIFT_EMIT_LOC_STRINGS = YES;
				SWIFT_VERSION = 5.0;
				TARGETED_DEVICE_FAMILY = 1;
			};
			name = Release;
		};
		5CF673BF2D80929E00BC73C8 /* Debug */ = {
			isa = XCBuildConfiguration;
			buildSettings = {
				ASSETCATALOG_COMPILER_APPICON_NAME = AppIconWatch;
				ASSETCATALOG_COMPILER_GLOBAL_ACCENT_COLOR_NAME = AccentColor;
				ASSETCATALOG_COMPILER_INCLUDE_ALL_APPICON_ASSETS = NO;
				CODE_SIGN_STYLE = Automatic;
				CURRENT_PROJECT_VERSION = 1;
				DEVELOPMENT_ASSET_PATHS = "\"AutoCareWatchOS\"";
				ENABLE_PREVIEWS = YES;
				GENERATE_INFOPLIST_FILE = YES;
				INFOPLIST_FILE = AutoCareWatchOS/Info.plist;
				INFOPLIST_KEY_CFBundleDisplayName = AutoCare;
				INFOPLIST_KEY_UISupportedInterfaceOrientations = "UIInterfaceOrientationPortrait UIInterfaceOrientationPortraitUpsideDown";
				INFOPLIST_KEY_WKCompanionAppBundleIdentifier = com.ivanMaslennikov.AutoCare;
				IPHONEOS_DEPLOYMENT_TARGET = 16.6;
				LD_RUNPATH_SEARCH_PATHS = (
					"$(inherited)",
					"@executable_path/Frameworks",
				);
				MARKETING_VERSION = 1.0;
				PRODUCT_BUNDLE_IDENTIFIER = com.ivanMaslennikov.AutoCare.watchkitapp;
				PRODUCT_NAME = "$(TARGET_NAME)";
				SDKROOT = watchos;
				SKIP_INSTALL = YES;
				SWIFT_EMIT_LOC_STRINGS = YES;
				SWIFT_VERSION = 5.0;
				TARGETED_DEVICE_FAMILY = 4;
				WATCHOS_DEPLOYMENT_TARGET = 11.2;
			};
			name = Debug;
		};
		5CF673C02D80929E00BC73C8 /* Release */ = {
			isa = XCBuildConfiguration;
			buildSettings = {
				ASSETCATALOG_COMPILER_APPICON_NAME = AppIconWatch;
				ASSETCATALOG_COMPILER_GLOBAL_ACCENT_COLOR_NAME = AccentColor;
				ASSETCATALOG_COMPILER_INCLUDE_ALL_APPICON_ASSETS = NO;
				CODE_SIGN_STYLE = Automatic;
				CURRENT_PROJECT_VERSION = 1;
				DEVELOPMENT_ASSET_PATHS = "\"AutoCareWatchOS\"";
				ENABLE_PREVIEWS = YES;
				GENERATE_INFOPLIST_FILE = YES;
				INFOPLIST_FILE = AutoCareWatchOS/Info.plist;
				INFOPLIST_KEY_CFBundleDisplayName = AutoCare;
				INFOPLIST_KEY_UISupportedInterfaceOrientations = "UIInterfaceOrientationPortrait UIInterfaceOrientationPortraitUpsideDown";
				INFOPLIST_KEY_WKCompanionAppBundleIdentifier = com.ivanMaslennikov.AutoCare;
				IPHONEOS_DEPLOYMENT_TARGET = 16.6;
				LD_RUNPATH_SEARCH_PATHS = (
					"$(inherited)",
					"@executable_path/Frameworks",
				);
				MARKETING_VERSION = 1.0;
				PRODUCT_BUNDLE_IDENTIFIER = com.ivanMaslennikov.AutoCare.watchkitapp;
				PRODUCT_NAME = "$(TARGET_NAME)";
				SDKROOT = watchos;
				SKIP_INSTALL = YES;
				SWIFT_EMIT_LOC_STRINGS = YES;
				SWIFT_VERSION = 5.0;
				TARGETED_DEVICE_FAMILY = 4;
				WATCHOS_DEPLOYMENT_TARGET = 11.2;
			};
			name = Release;
		};
/* End XCBuildConfiguration section */

/* Begin XCConfigurationList section */
		5C2005012CB714BA0058D993 /* Build configuration list for PBXProject "AutoCare" */ = {
			isa = XCConfigurationList;
			buildConfigurations = (
				5C2005172CB714BC0058D993 /* Debug */,
				5C2005182CB714BC0058D993 /* Release */,
			);
			defaultConfigurationIsVisible = 0;
			defaultConfigurationName = Release;
		};
		5C2005192CB714BC0058D993 /* Build configuration list for PBXNativeTarget "AutoCareiOS" */ = {
			isa = XCConfigurationList;
			buildConfigurations = (
				5C20051A2CB714BC0058D993 /* Debug */,
				5C20051B2CB714BC0058D993 /* Release */,
			);
			defaultConfigurationIsVisible = 0;
			defaultConfigurationName = Release;
		};
		5CF673BE2D80929E00BC73C8 /* Build configuration list for PBXNativeTarget "AutoCareWatchOS" */ = {
			isa = XCConfigurationList;
			buildConfigurations = (
				5CF673BF2D80929E00BC73C8 /* Debug */,
				5CF673C02D80929E00BC73C8 /* Release */,
			);
			defaultConfigurationIsVisible = 0;
			defaultConfigurationName = Release;
		};
/* End XCConfigurationList section */

/* Begin XCRemoteSwiftPackageReference section */
		5C158F4F2DC74DB000BEC527 /* XCRemoteSwiftPackageReference "DatePickerRange" */ = {
			isa = XCRemoteSwiftPackageReference;
			repositoryURL = "https://github.com/DestrMZ/DatePickerRange";
			requirement = {
				kind = upToNextMajorVersion;
				minimumVersion = 1.1.4;
			};
		};
		5C158F522DC74DBD00BEC527 /* XCRemoteSwiftPackageReference "Charts" */ = {
			isa = XCRemoteSwiftPackageReference;
			repositoryURL = "https://github.com/danielgindi/Charts.git";
			requirement = {
				kind = upToNextMajorVersion;
				minimumVersion = 5.1.0;
			};
		};
/* End XCRemoteSwiftPackageReference section */

/* Begin XCSwiftPackageProductDependency section */
		5C158F502DC74DB000BEC527 /* DatePickerRange */ = {
			isa = XCSwiftPackageProductDependency;
			package = 5C158F4F2DC74DB000BEC527 /* XCRemoteSwiftPackageReference "DatePickerRange" */;
			productName = DatePickerRange;
		};
		5C158F532DC74DBD00BEC527 /* DGCharts */ = {
			isa = XCSwiftPackageProductDependency;
			package = 5C158F522DC74DBD00BEC527 /* XCRemoteSwiftPackageReference "Charts" */;
			productName = DGCharts;
		};
/* End XCSwiftPackageProductDependency section */
	};
	rootObject = 5C2004FE2CB714BA0058D993 /* Project object */;
}
